// !$*UTF8*$!
{
	archiveVersion = 1;
	classes = {
	};
	objectVersion = 56;
	objects = {

/* Begin PBXBuildFile section */
		E59CEC1D29BB549B007C56E6 /* PlaceCalloutView.swift in Sources */ = {isa = PBXBuildFile; fileRef = E59CEC1C29BB549B007C56E6 /* PlaceCalloutView.swift */; };
		E59CEC1F29BB7482007C56E6 /* Annotation.swift in Sources */ = {isa = PBXBuildFile; fileRef = E59CEC1E29BB7482007C56E6 /* Annotation.swift */; };
		E5A30B9229CB614700DE81AA /* DirectionCalloutView.swift in Sources */ = {isa = PBXBuildFile; fileRef = E5A30B9129CB614700DE81AA /* DirectionCalloutView.swift */; };
		E5A6440529BA284D004C1B53 /* MapViewController.swift in Sources */ = {isa = PBXBuildFile; fileRef = E5A6440429BA284D004C1B53 /* MapViewController.swift */; };
		E5A66A6B29B61FC5005A6A47 /* LocationSearchResultCell.swift in Sources */ = {isa = PBXBuildFile; fileRef = E5A66A6A29B61FC5005A6A47 /* LocationSearchResultCell.swift */; };
		E5A66A6D29B6203D005A6A47 /* LocationSearchActivationView.swift in Sources */ = {isa = PBXBuildFile; fileRef = E5A66A6C29B6203D005A6A47 /* LocationSearchActivationView.swift */; };
		E5A66A7829B624DA005A6A47 /* Color.swift in Sources */ = {isa = PBXBuildFile; fileRef = E5A66A7729B624DA005A6A47 /* Color.swift */; };
		E5A66A7E29B629C4005A6A47 /* SideMenuView.swift in Sources */ = {isa = PBXBuildFile; fileRef = E5A66A7D29B629C4005A6A47 /* SideMenuView.swift */; };
		E5A66A8029B630B7005A6A47 /* LocationSearchResultsView.swift in Sources */ = {isa = PBXBuildFile; fileRef = E5A66A7F29B630B7005A6A47 /* LocationSearchResultsView.swift */; };
		E5A66A8229B6314F005A6A47 /* Location.swift in Sources */ = {isa = PBXBuildFile; fileRef = E5A66A8129B6314F005A6A47 /* Location.swift */; };
		E5A7B97129BF58350031FA76 /* MockAnnotation.swift in Sources */ = {isa = PBXBuildFile; fileRef = E5A7B97029BF58350031FA76 /* MockAnnotation.swift */; };
		E5A852C129B78DC30040F454 /* LandmarkViewModel.swift in Sources */ = {isa = PBXBuildFile; fileRef = E5A852C029B78DC30040F454 /* LandmarkViewModel.swift */; };
		E5A852C529B794C70040F454 /* MKCoordinateRegion.swift in Sources */ = {isa = PBXBuildFile; fileRef = E5A852C429B794C70040F454 /* MKCoordinateRegion.swift */; };
		E5A852C729B797830040F454 /* LandmarkCategoryView.swift in Sources */ = {isa = PBXBuildFile; fileRef = E5A852C629B797830040F454 /* LandmarkCategoryView.swift */; };
		E5AA04AC29B5775900980CCD /* LocationSearchView.swift in Sources */ = {isa = PBXBuildFile; fileRef = E5AA04AB29B5775900980CCD /* LocationSearchView.swift */; };
		E5AA04AF29B57A4A00980CCD /* HomeViewModel.swift in Sources */ = {isa = PBXBuildFile; fileRef = E5AA04AE29B57A4A00980CCD /* HomeViewModel.swift */; };
		E5ADA0D729C9E39C00265C84 /* MKPointOfInterest.swift in Sources */ = {isa = PBXBuildFile; fileRef = E5ADA0D629C9E39C00265C84 /* MKPointOfInterest.swift */; };
		E5B07E1D29AF8D60009E7193 /* FavoritePlacesApp.swift in Sources */ = {isa = PBXBuildFile; fileRef = E5B07E1C29AF8D60009E7193 /* FavoritePlacesApp.swift */; };
		E5B07E1F29AF8D60009E7193 /* ContentView.swift in Sources */ = {isa = PBXBuildFile; fileRef = E5B07E1E29AF8D60009E7193 /* ContentView.swift */; };
		E5B07E2129AF8D61009E7193 /* Assets.xcassets in Resources */ = {isa = PBXBuildFile; fileRef = E5B07E2029AF8D61009E7193 /* Assets.xcassets */; };
		E5B07E2429AF8D61009E7193 /* Preview Assets.xcassets in Resources */ = {isa = PBXBuildFile; fileRef = E5B07E2329AF8D61009E7193 /* Preview Assets.xcassets */; };
		E5B07E2629AF8D61009E7193 /* Persistence.swift in Sources */ = {isa = PBXBuildFile; fileRef = E5B07E2529AF8D61009E7193 /* Persistence.swift */; };
		E5B07E2929AF8D61009E7193 /* FavoritePlaces.xcdatamodeld in Sources */ = {isa = PBXBuildFile; fileRef = E5B07E2729AF8D61009E7193 /* FavoritePlaces.xcdatamodeld */; };
		E5B07E3929AF8F94009E7193 /* LocationManager.swift in Sources */ = {isa = PBXBuildFile; fileRef = E5B07E3829AF8F94009E7193 /* LocationManager.swift */; };
		E5B07E3E29AF9050009E7193 /* MapViewRepresentable.swift in Sources */ = {isa = PBXBuildFile; fileRef = E5B07E3D29AF9050009E7193 /* MapViewRepresentable.swift */; };
		E5B07E4029AF90F7009E7193 /* HomeView.swift in Sources */ = {isa = PBXBuildFile; fileRef = E5B07E3F29AF90F7009E7193 /* HomeView.swift */; };
		E5B07E4229AF923F009E7193 /* MapViewActionButton.swift in Sources */ = {isa = PBXBuildFile; fileRef = E5B07E4129AF923F009E7193 /* MapViewActionButton.swift */; };
		E5B07E4529AF935F009E7193 /* MapViewState.swift in Sources */ = {isa = PBXBuildFile; fileRef = E5B07E4429AF935F009E7193 /* MapViewState.swift */; };
		E5B07E4D29AF95AE009E7193 /* SavedLocationViewModel.swift in Sources */ = {isa = PBXBuildFile; fileRef = E5B07E4C29AF95AE009E7193 /* SavedLocationViewModel.swift */; };
		E5B07E5329AF9655009E7193 /* SettingRowView.swift in Sources */ = {isa = PBXBuildFile; fileRef = E5B07E5229AF9655009E7193 /* SettingRowView.swift */; };
		E5B07E5529AF96A6009E7193 /* SavedLocationRowView.swift in Sources */ = {isa = PBXBuildFile; fileRef = E5B07E5429AF96A6009E7193 /* SavedLocationRowView.swift */; };
		E5B156E129CF45FD003DB4BF /* LandmarkButtonView.swift in Sources */ = {isa = PBXBuildFile; fileRef = E5B156E029CF45FD003DB4BF /* LandmarkButtonView.swift */; };
		E5C275A729C20E1E0095FF20 /* MapSettingsViewModel.swift in Sources */ = {isa = PBXBuildFile; fileRef = E5C275A629C20E1E0095FF20 /* MapSettingsViewModel.swift */; };
/* End PBXBuildFile section */

/* Begin PBXFileReference section */
		E59CEC1C29BB549B007C56E6 /* PlaceCalloutView.swift */ = {isa = PBXFileReference; lastKnownFileType = sourcecode.swift; path = PlaceCalloutView.swift; sourceTree = "<group>"; };
		E59CEC1E29BB7482007C56E6 /* Annotation.swift */ = {isa = PBXFileReference; lastKnownFileType = sourcecode.swift; path = Annotation.swift; sourceTree = "<group>"; };
		E5A30B9129CB614700DE81AA /* DirectionCalloutView.swift */ = {isa = PBXFileReference; lastKnownFileType = sourcecode.swift; path = DirectionCalloutView.swift; sourceTree = "<group>"; };
		E5A6440429BA284D004C1B53 /* MapViewController.swift */ = {isa = PBXFileReference; lastKnownFileType = sourcecode.swift; path = MapViewController.swift; sourceTree = "<group>"; };
		E5A66A6A29B61FC5005A6A47 /* LocationSearchResultCell.swift */ = {isa = PBXFileReference; lastKnownFileType = sourcecode.swift; path = LocationSearchResultCell.swift; sourceTree = "<group>"; };
		E5A66A6C29B6203D005A6A47 /* LocationSearchActivationView.swift */ = {isa = PBXFileReference; lastKnownFileType = sourcecode.swift; path = LocationSearchActivationView.swift; sourceTree = "<group>"; };
		E5A66A7729B624DA005A6A47 /* Color.swift */ = {isa = PBXFileReference; lastKnownFileType = sourcecode.swift; path = Color.swift; sourceTree = "<group>"; };
		E5A66A7D29B629C4005A6A47 /* SideMenuView.swift */ = {isa = PBXFileReference; lastKnownFileType = sourcecode.swift; path = SideMenuView.swift; sourceTree = "<group>"; };
		E5A66A7F29B630B7005A6A47 /* LocationSearchResultsView.swift */ = {isa = PBXFileReference; lastKnownFileType = sourcecode.swift; path = LocationSearchResultsView.swift; sourceTree = "<group>"; };
		E5A66A8129B6314F005A6A47 /* Location.swift */ = {isa = PBXFileReference; lastKnownFileType = sourcecode.swift; path = Location.swift; sourceTree = "<group>"; };
		E5A7B97029BF58350031FA76 /* MockAnnotation.swift */ = {isa = PBXFileReference; lastKnownFileType = sourcecode.swift; path = MockAnnotation.swift; sourceTree = "<group>"; };
		E5A852C029B78DC30040F454 /* LandmarkViewModel.swift */ = {isa = PBXFileReference; lastKnownFileType = sourcecode.swift; path = LandmarkViewModel.swift; sourceTree = "<group>"; };
		E5A852C429B794C70040F454 /* MKCoordinateRegion.swift */ = {isa = PBXFileReference; lastKnownFileType = sourcecode.swift; path = MKCoordinateRegion.swift; sourceTree = "<group>"; };
		E5A852C629B797830040F454 /* LandmarkCategoryView.swift */ = {isa = PBXFileReference; lastKnownFileType = sourcecode.swift; path = LandmarkCategoryView.swift; sourceTree = "<group>"; };
		E5AA04AB29B5775900980CCD /* LocationSearchView.swift */ = {isa = PBXFileReference; lastKnownFileType = sourcecode.swift; path = LocationSearchView.swift; sourceTree = "<group>"; };
		E5AA04AE29B57A4A00980CCD /* HomeViewModel.swift */ = {isa = PBXFileReference; lastKnownFileType = sourcecode.swift; path = HomeViewModel.swift; sourceTree = "<group>"; };
		E5ADA0D629C9E39C00265C84 /* MKPointOfInterest.swift */ = {isa = PBXFileReference; lastKnownFileType = sourcecode.swift; path = MKPointOfInterest.swift; sourceTree = "<group>"; };
		E5B07E1929AF8D60009E7193 /* FavoritePlaces.app */ = {isa = PBXFileReference; explicitFileType = wrapper.application; includeInIndex = 0; path = FavoritePlaces.app; sourceTree = BUILT_PRODUCTS_DIR; };
		E5B07E1C29AF8D60009E7193 /* FavoritePlacesApp.swift */ = {isa = PBXFileReference; lastKnownFileType = sourcecode.swift; path = FavoritePlacesApp.swift; sourceTree = "<group>"; };
		E5B07E1E29AF8D60009E7193 /* ContentView.swift */ = {isa = PBXFileReference; lastKnownFileType = sourcecode.swift; path = ContentView.swift; sourceTree = "<group>"; };
		E5B07E2029AF8D61009E7193 /* Assets.xcassets */ = {isa = PBXFileReference; lastKnownFileType = folder.assetcatalog; path = Assets.xcassets; sourceTree = "<group>"; };
		E5B07E2329AF8D61009E7193 /* Preview Assets.xcassets */ = {isa = PBXFileReference; lastKnownFileType = folder.assetcatalog; path = "Preview Assets.xcassets"; sourceTree = "<group>"; };
		E5B07E2529AF8D61009E7193 /* Persistence.swift */ = {isa = PBXFileReference; lastKnownFileType = sourcecode.swift; path = Persistence.swift; sourceTree = "<group>"; };
		E5B07E2829AF8D61009E7193 /* FavoritePlaces.xcdatamodel */ = {isa = PBXFileReference; lastKnownFileType = wrapper.xcdatamodel; path = FavoritePlaces.xcdatamodel; sourceTree = "<group>"; };
		E5B07E3829AF8F94009E7193 /* LocationManager.swift */ = {isa = PBXFileReference; lastKnownFileType = sourcecode.swift; path = LocationManager.swift; sourceTree = "<group>"; };
		E5B07E3D29AF9050009E7193 /* MapViewRepresentable.swift */ = {isa = PBXFileReference; lastKnownFileType = sourcecode.swift; path = MapViewRepresentable.swift; sourceTree = "<group>"; };
		E5B07E3F29AF90F7009E7193 /* HomeView.swift */ = {isa = PBXFileReference; lastKnownFileType = sourcecode.swift; path = HomeView.swift; sourceTree = "<group>"; };
		E5B07E4129AF923F009E7193 /* MapViewActionButton.swift */ = {isa = PBXFileReference; lastKnownFileType = sourcecode.swift; path = MapViewActionButton.swift; sourceTree = "<group>"; };
		E5B07E4429AF935F009E7193 /* MapViewState.swift */ = {isa = PBXFileReference; lastKnownFileType = sourcecode.swift; path = MapViewState.swift; sourceTree = "<group>"; };
		E5B07E4C29AF95AE009E7193 /* SavedLocationViewModel.swift */ = {isa = PBXFileReference; lastKnownFileType = sourcecode.swift; path = SavedLocationViewModel.swift; sourceTree = "<group>"; };
		E5B07E5229AF9655009E7193 /* SettingRowView.swift */ = {isa = PBXFileReference; lastKnownFileType = sourcecode.swift; path = SettingRowView.swift; sourceTree = "<group>"; };
		E5B07E5429AF96A6009E7193 /* SavedLocationRowView.swift */ = {isa = PBXFileReference; lastKnownFileType = sourcecode.swift; path = SavedLocationRowView.swift; sourceTree = "<group>"; };
		E5B156E029CF45FD003DB4BF /* LandmarkButtonView.swift */ = {isa = PBXFileReference; lastKnownFileType = sourcecode.swift; path = LandmarkButtonView.swift; sourceTree = "<group>"; };
		E5C275A629C20E1E0095FF20 /* MapSettingsViewModel.swift */ = {isa = PBXFileReference; lastKnownFileType = sourcecode.swift; path = MapSettingsViewModel.swift; sourceTree = "<group>"; };
/* End PBXFileReference section */

/* Begin PBXFrameworksBuildPhase section */
		E5B07E1629AF8D60009E7193 /* Frameworks */ = {
			isa = PBXFrameworksBuildPhase;
			buildActionMask = 2147483647;
			files = (
			);
			runOnlyForDeploymentPostprocessing = 0;
		};
/* End PBXFrameworksBuildPhase section */

/* Begin PBXGroup section */
		E5A66A7629B624D0005A6A47 /* Extension */ = {
			isa = PBXGroup;
			children = (
				E5A66A7729B624DA005A6A47 /* Color.swift */,
				E5A852C429B794C70040F454 /* MKCoordinateRegion.swift */,
				E5A6440429BA284D004C1B53 /* MapViewController.swift */,
				E5ADA0D629C9E39C00265C84 /* MKPointOfInterest.swift */,
			);
			path = Extension;
			sourceTree = "<group>";
		};
		E5A7B96F29BF58230031FA76 /* Mock */ = {
			isa = PBXGroup;
			children = (
				E5A7B97029BF58350031FA76 /* MockAnnotation.swift */,
			);
			path = Mock;
			sourceTree = "<group>";
		};
		E5B07E1029AF8D60009E7193 = {
			isa = PBXGroup;
			children = (
				E5B07E1B29AF8D60009E7193 /* FavoritePlaces */,
				E5B07E1A29AF8D60009E7193 /* Products */,
			);
			sourceTree = "<group>";
		};
		E5B07E1A29AF8D60009E7193 /* Products */ = {
			isa = PBXGroup;
			children = (
				E5B07E1929AF8D60009E7193 /* FavoritePlaces.app */,
			);
			name = Products;
			sourceTree = "<group>";
		};
		E5B07E1B29AF8D60009E7193 /* FavoritePlaces */ = {
			isa = PBXGroup;
			children = (
				E5A7B96F29BF58230031FA76 /* Mock */,
				E5A66A7629B624D0005A6A47 /* Extension */,
				E5B07E5129AF9641009E7193 /* Reuseable */,
				E5B07E4A29AF957D009E7193 /* Settings */,
				E5B07E4329AF9353009E7193 /* Models */,
				E5B07E3729AF8F83009E7193 /* Managers */,
				E5B07E3229AF8E98009E7193 /* Landmark */,
				E5B07E2F29AF8E58009E7193 /* Home */,
				E5B07E1C29AF8D60009E7193 /* FavoritePlacesApp.swift */,
				E5B07E1E29AF8D60009E7193 /* ContentView.swift */,
				E5B07E2029AF8D61009E7193 /* Assets.xcassets */,
				E5B07E2529AF8D61009E7193 /* Persistence.swift */,
				E5B07E2729AF8D61009E7193 /* FavoritePlaces.xcdatamodeld */,
				E5B07E2229AF8D61009E7193 /* Preview Content */,
			);
			path = FavoritePlaces;
			sourceTree = "<group>";
		};
		E5B07E2229AF8D61009E7193 /* Preview Content */ = {
			isa = PBXGroup;
			children = (
				E5B07E2329AF8D61009E7193 /* Preview Assets.xcassets */,
			);
			path = "Preview Content";
			sourceTree = "<group>";
		};
		E5B07E2F29AF8E58009E7193 /* Home */ = {
			isa = PBXGroup;
			children = (
				E5B07E3129AF8E64009E7193 /* ViewModel */,
				E5B07E3029AF8E5F009E7193 /* View */,
			);
			path = Home;
			sourceTree = "<group>";
		};
		E5B07E3029AF8E5F009E7193 /* View */ = {
			isa = PBXGroup;
			children = (
				E5AA04AB29B5775900980CCD /* LocationSearchView.swift */,
				E5A66A6A29B61FC5005A6A47 /* LocationSearchResultCell.swift */,
				E5A66A6C29B6203D005A6A47 /* LocationSearchActivationView.swift */,
				E5B07E3D29AF9050009E7193 /* MapViewRepresentable.swift */,
				E5B07E3F29AF90F7009E7193 /* HomeView.swift */,
				E5B07E4129AF923F009E7193 /* MapViewActionButton.swift */,
				E59CEC1C29BB549B007C56E6 /* PlaceCalloutView.swift */,
				E5A30B9129CB614700DE81AA /* DirectionCalloutView.swift */,
			);
			path = View;
			sourceTree = "<group>";
		};
		E5B07E3129AF8E64009E7193 /* ViewModel */ = {
			isa = PBXGroup;
			children = (
				E5AA04AE29B57A4A00980CCD /* HomeViewModel.swift */,
			);
			path = ViewModel;
			sourceTree = "<group>";
		};
		E5B07E3229AF8E98009E7193 /* Landmark */ = {
			isa = PBXGroup;
			children = (
				E5B07E3429AF8EB8009E7193 /* ViewModel */,
				E5B07E3329AF8EAC009E7193 /* View */,
			);
			path = Landmark;
			sourceTree = "<group>";
		};
		E5B07E3329AF8EAC009E7193 /* View */ = {
			isa = PBXGroup;
			children = (
				E5A852C629B797830040F454 /* LandmarkCategoryView.swift */,
			);
			path = View;
			sourceTree = "<group>";
		};
		E5B07E3429AF8EB8009E7193 /* ViewModel */ = {
			isa = PBXGroup;
			children = (
				E5A852C029B78DC30040F454 /* LandmarkViewModel.swift */,
			);
			path = ViewModel;
			sourceTree = "<group>";
		};
		E5B07E3729AF8F83009E7193 /* Managers */ = {
			isa = PBXGroup;
			children = (
				E5B07E3829AF8F94009E7193 /* LocationManager.swift */,
			);
			path = Managers;
			sourceTree = "<group>";
		};
		E5B07E4329AF9353009E7193 /* Models */ = {
			isa = PBXGroup;
			children = (
				E5B07E4429AF935F009E7193 /* MapViewState.swift */,
				E5A66A8129B6314F005A6A47 /* Location.swift */,
				E59CEC1E29BB7482007C56E6 /* Annotation.swift */,
			);
			path = Models;
			sourceTree = "<group>";
		};
		E5B07E4A29AF957D009E7193 /* Settings */ = {
			isa = PBXGroup;
			children = (
				E5B07E4E29AF95EE009E7193 /* View */,
				E5B07E4B29AF9591009E7193 /* ViewModel */,
			);
			path = Settings;
			sourceTree = "<group>";
		};
		E5B07E4B29AF9591009E7193 /* ViewModel */ = {
			isa = PBXGroup;
			children = (
				E5B07E4C29AF95AE009E7193 /* SavedLocationViewModel.swift */,
				E5C275A629C20E1E0095FF20 /* MapSettingsViewModel.swift */,
			);
			path = ViewModel;
			sourceTree = "<group>";
		};
		E5B07E4E29AF95EE009E7193 /* View */ = {
			isa = PBXGroup;
			children = (
				E5A66A7D29B629C4005A6A47 /* SideMenuView.swift */,
			);
			path = View;
			sourceTree = "<group>";
		};
		E5B07E5129AF9641009E7193 /* Reuseable */ = {
			isa = PBXGroup;
			children = (
				E5B07E5229AF9655009E7193 /* SettingRowView.swift */,
				E5B07E5429AF96A6009E7193 /* SavedLocationRowView.swift */,
				E5A66A7F29B630B7005A6A47 /* LocationSearchResultsView.swift */,
				E5B156E029CF45FD003DB4BF /* LandmarkButtonView.swift */,
			);
			path = Reuseable;
			sourceTree = "<group>";
		};
/* End PBXGroup section */

/* Begin PBXNativeTarget section */
		E5B07E1829AF8D60009E7193 /* FavoritePlaces */ = {
			isa = PBXNativeTarget;
			buildConfigurationList = E5B07E2C29AF8D61009E7193 /* Build configuration list for PBXNativeTarget "FavoritePlaces" */;
			buildPhases = (
				E5B07E1529AF8D60009E7193 /* Sources */,
				E5B07E1629AF8D60009E7193 /* Frameworks */,
				E5B07E1729AF8D60009E7193 /* Resources */,
			);
			buildRules = (
			);
			dependencies = (
			);
			name = FavoritePlaces;
			productName = FavoritePlaces;
			productReference = E5B07E1929AF8D60009E7193 /* FavoritePlaces.app */;
			productType = "com.apple.product-type.application";
		};
/* End PBXNativeTarget section */

/* Begin PBXProject section */
		E5B07E1129AF8D60009E7193 /* Project object */ = {
			isa = PBXProject;
			attributes = {
				BuildIndependentTargetsInParallel = 1;
				LastSwiftUpdateCheck = 1420;
				LastUpgradeCheck = 1420;
				TargetAttributes = {
					E5B07E1829AF8D60009E7193 = {
						CreatedOnToolsVersion = 14.2;
					};
				};
			};
			buildConfigurationList = E5B07E1429AF8D60009E7193 /* Build configuration list for PBXProject "FavoritePlaces" */;
			compatibilityVersion = "Xcode 14.0";
			developmentRegion = en;
			hasScannedForEncodings = 0;
			knownRegions = (
				en,
				Base,
			);
			mainGroup = E5B07E1029AF8D60009E7193;
			productRefGroup = E5B07E1A29AF8D60009E7193 /* Products */;
			projectDirPath = "";
			projectRoot = "";
			targets = (
				E5B07E1829AF8D60009E7193 /* FavoritePlaces */,
			);
		};
/* End PBXProject section */

/* Begin PBXResourcesBuildPhase section */
		E5B07E1729AF8D60009E7193 /* Resources */ = {
			isa = PBXResourcesBuildPhase;
			buildActionMask = 2147483647;
			files = (
				E5B07E2429AF8D61009E7193 /* Preview Assets.xcassets in Resources */,
				E5B07E2129AF8D61009E7193 /* Assets.xcassets in Resources */,
			);
			runOnlyForDeploymentPostprocessing = 0;
		};
/* End PBXResourcesBuildPhase section */

/* Begin PBXSourcesBuildPhase section */
		E5B07E1529AF8D60009E7193 /* Sources */ = {
			isa = PBXSourcesBuildPhase;
			buildActionMask = 2147483647;
			files = (
				E5AA04AF29B57A4A00980CCD /* HomeViewModel.swift in Sources */,
				E5B07E4D29AF95AE009E7193 /* SavedLocationViewModel.swift in Sources */,
				E5B07E4029AF90F7009E7193 /* HomeView.swift in Sources */,
				E59CEC1D29BB549B007C56E6 /* PlaceCalloutView.swift in Sources */,
				E5B156E129CF45FD003DB4BF /* LandmarkButtonView.swift in Sources */,
				E5B07E2629AF8D61009E7193 /* Persistence.swift in Sources */,
				E5A852C129B78DC30040F454 /* LandmarkViewModel.swift in Sources */,
				E5A66A7E29B629C4005A6A47 /* SideMenuView.swift in Sources */,
				E5B07E1F29AF8D60009E7193 /* ContentView.swift in Sources */,
				E5AA04AC29B5775900980CCD /* LocationSearchView.swift in Sources */,
				E5B07E5529AF96A6009E7193 /* SavedLocationRowView.swift in Sources */,
				E5B07E4229AF923F009E7193 /* MapViewActionButton.swift in Sources */,
				E5A66A8229B6314F005A6A47 /* Location.swift in Sources */,
				E59CEC1F29BB7482007C56E6 /* Annotation.swift in Sources */,
				E5B07E3E29AF9050009E7193 /* MapViewRepresentable.swift in Sources */,
				E5A7B97129BF58350031FA76 /* MockAnnotation.swift in Sources */,
				E5C275A729C20E1E0095FF20 /* MapSettingsViewModel.swift in Sources */,
				E5B07E4529AF935F009E7193 /* MapViewState.swift in Sources */,
				E5B07E3929AF8F94009E7193 /* LocationManager.swift in Sources */,
				E5B07E1D29AF8D60009E7193 /* FavoritePlacesApp.swift in Sources */,
				E5A66A7829B624DA005A6A47 /* Color.swift in Sources */,
				E5A6440529BA284D004C1B53 /* MapViewController.swift in Sources */,
				E5B07E2929AF8D61009E7193 /* FavoritePlaces.xcdatamodeld in Sources */,
				E5ADA0D729C9E39C00265C84 /* MKPointOfInterest.swift in Sources */,
				E5A852C729B797830040F454 /* LandmarkCategoryView.swift in Sources */,
				E5A66A6B29B61FC5005A6A47 /* LocationSearchResultCell.swift in Sources */,
				E5A30B9229CB614700DE81AA /* DirectionCalloutView.swift in Sources */,
				E5A66A8029B630B7005A6A47 /* LocationSearchResultsView.swift in Sources */,
				E5B07E5329AF9655009E7193 /* SettingRowView.swift in Sources */,
				E5A66A6D29B6203D005A6A47 /* LocationSearchActivationView.swift in Sources */,
				E5A852C529B794C70040F454 /* MKCoordinateRegion.swift in Sources */,
			);
			runOnlyForDeploymentPostprocessing = 0;
		};
/* End PBXSourcesBuildPhase section */

/* Begin XCBuildConfiguration section */
		E5B07E2A29AF8D61009E7193 /* Debug */ = {
			isa = XCBuildConfiguration;
			buildSettings = {
				ALWAYS_SEARCH_USER_PATHS = NO;
				CLANG_ANALYZER_NONNULL = YES;
				CLANG_ANALYZER_NUMBER_OBJECT_CONVERSION = YES_AGGRESSIVE;
				CLANG_CXX_LANGUAGE_STANDARD = "gnu++20";
				CLANG_ENABLE_MODULES = YES;
				CLANG_ENABLE_OBJC_ARC = YES;
				CLANG_ENABLE_OBJC_WEAK = YES;
				CLANG_WARN_BLOCK_CAPTURE_AUTORELEASING = YES;
				CLANG_WARN_BOOL_CONVERSION = YES;
				CLANG_WARN_COMMA = YES;
				CLANG_WARN_CONSTANT_CONVERSION = YES;
				CLANG_WARN_DEPRECATED_OBJC_IMPLEMENTATIONS = YES;
				CLANG_WARN_DIRECT_OBJC_ISA_USAGE = YES_ERROR;
				CLANG_WARN_DOCUMENTATION_COMMENTS = YES;
				CLANG_WARN_EMPTY_BODY = YES;
				CLANG_WARN_ENUM_CONVERSION = YES;
				CLANG_WARN_INFINITE_RECURSION = YES;
				CLANG_WARN_INT_CONVERSION = YES;
				CLANG_WARN_NON_LITERAL_NULL_CONVERSION = YES;
				CLANG_WARN_OBJC_IMPLICIT_RETAIN_SELF = YES;
				CLANG_WARN_OBJC_LITERAL_CONVERSION = YES;
				CLANG_WARN_OBJC_ROOT_CLASS = YES_ERROR;
				CLANG_WARN_QUOTED_INCLUDE_IN_FRAMEWORK_HEADER = YES;
				CLANG_WARN_RANGE_LOOP_ANALYSIS = YES;
				CLANG_WARN_STRICT_PROTOTYPES = YES;
				CLANG_WARN_SUSPICIOUS_MOVE = YES;
				CLANG_WARN_UNGUARDED_AVAILABILITY = YES_AGGRESSIVE;
				CLANG_WARN_UNREACHABLE_CODE = YES;
				CLANG_WARN__DUPLICATE_METHOD_MATCH = YES;
				COPY_PHASE_STRIP = NO;
				DEBUG_INFORMATION_FORMAT = dwarf;
				ENABLE_STRICT_OBJC_MSGSEND = YES;
				ENABLE_TESTABILITY = YES;
				GCC_C_LANGUAGE_STANDARD = gnu11;
				GCC_DYNAMIC_NO_PIC = NO;
				GCC_NO_COMMON_BLOCKS = YES;
				GCC_OPTIMIZATION_LEVEL = 0;
				GCC_PREPROCESSOR_DEFINITIONS = (
					"DEBUG=1",
					"$(inherited)",
				);
				GCC_WARN_64_TO_32_BIT_CONVERSION = YES;
				GCC_WARN_ABOUT_RETURN_TYPE = YES_ERROR;
				GCC_WARN_UNDECLARED_SELECTOR = YES;
				GCC_WARN_UNINITIALIZED_AUTOS = YES_AGGRESSIVE;
				GCC_WARN_UNUSED_FUNCTION = YES;
				GCC_WARN_UNUSED_VARIABLE = YES;
				IPHONEOS_DEPLOYMENT_TARGET = 16.2;
				MTL_ENABLE_DEBUG_INFO = INCLUDE_SOURCE;
				MTL_FAST_MATH = YES;
				ONLY_ACTIVE_ARCH = YES;
				SDKROOT = iphoneos;
				SWIFT_ACTIVE_COMPILATION_CONDITIONS = DEBUG;
				SWIFT_OPTIMIZATION_LEVEL = "-Onone";
			};
			name = Debug;
		};
		E5B07E2B29AF8D61009E7193 /* Release */ = {
			isa = XCBuildConfiguration;
			buildSettings = {
				ALWAYS_SEARCH_USER_PATHS = NO;
				CLANG_ANALYZER_NONNULL = YES;
				CLANG_ANALYZER_NUMBER_OBJECT_CONVERSION = YES_AGGRESSIVE;
				CLANG_CXX_LANGUAGE_STANDARD = "gnu++20";
				CLANG_ENABLE_MODULES = YES;
				CLANG_ENABLE_OBJC_ARC = YES;
				CLANG_ENABLE_OBJC_WEAK = YES;
				CLANG_WARN_BLOCK_CAPTURE_AUTORELEASING = YES;
				CLANG_WARN_BOOL_CONVERSION = YES;
				CLANG_WARN_COMMA = YES;
				CLANG_WARN_CONSTANT_CONVERSION = YES;
				CLANG_WARN_DEPRECATED_OBJC_IMPLEMENTATIONS = YES;
				CLANG_WARN_DIRECT_OBJC_ISA_USAGE = YES_ERROR;
				CLANG_WARN_DOCUMENTATION_COMMENTS = YES;
				CLANG_WARN_EMPTY_BODY = YES;
				CLANG_WARN_ENUM_CONVERSION = YES;
				CLANG_WARN_INFINITE_RECURSION = YES;
				CLANG_WARN_INT_CONVERSION = YES;
				CLANG_WARN_NON_LITERAL_NULL_CONVERSION = YES;
				CLANG_WARN_OBJC_IMPLICIT_RETAIN_SELF = YES;
				CLANG_WARN_OBJC_LITERAL_CONVERSION = YES;
				CLANG_WARN_OBJC_ROOT_CLASS = YES_ERROR;
				CLANG_WARN_QUOTED_INCLUDE_IN_FRAMEWORK_HEADER = YES;
				CLANG_WARN_RANGE_LOOP_ANALYSIS = YES;
				CLANG_WARN_STRICT_PROTOTYPES = YES;
				CLANG_WARN_SUSPICIOUS_MOVE = YES;
				CLANG_WARN_UNGUARDED_AVAILABILITY = YES_AGGRESSIVE;
				CLANG_WARN_UNREACHABLE_CODE = YES;
				CLANG_WARN__DUPLICATE_METHOD_MATCH = YES;
				COPY_PHASE_STRIP = NO;
				DEBUG_INFORMATION_FORMAT = "dwarf-with-dsym";
				ENABLE_NS_ASSERTIONS = NO;
				ENABLE_STRICT_OBJC_MSGSEND = YES;
				GCC_C_LANGUAGE_STANDARD = gnu11;
				GCC_NO_COMMON_BLOCKS = YES;
				GCC_WARN_64_TO_32_BIT_CONVERSION = YES;
				GCC_WARN_ABOUT_RETURN_TYPE = YES_ERROR;
				GCC_WARN_UNDECLARED_SELECTOR = YES;
				GCC_WARN_UNINITIALIZED_AUTOS = YES_AGGRESSIVE;
				GCC_WARN_UNUSED_FUNCTION = YES;
				GCC_WARN_UNUSED_VARIABLE = YES;
				IPHONEOS_DEPLOYMENT_TARGET = 16.2;
				MTL_ENABLE_DEBUG_INFO = NO;
				MTL_FAST_MATH = YES;
				SDKROOT = iphoneos;
				SWIFT_COMPILATION_MODE = wholemodule;
				SWIFT_OPTIMIZATION_LEVEL = "-O";
				VALIDATE_PRODUCT = YES;
			};
			name = Release;
		};
		E5B07E2D29AF8D61009E7193 /* Debug */ = {
			isa = XCBuildConfiguration;
			buildSettings = {
				ASSETCATALOG_COMPILER_APPICON_NAME = AppIcon;
				ASSETCATALOG_COMPILER_GLOBAL_ACCENT_COLOR_NAME = AccentColor;
				CODE_SIGN_STYLE = Automatic;
				CURRENT_PROJECT_VERSION = 1;
				DEVELOPMENT_ASSET_PATHS = "\"FavoritePlaces/Preview Content\"";
				DEVELOPMENT_TEAM = CD5BA2AYRN;
				ENABLE_PREVIEWS = YES;
				GENERATE_INFOPLIST_FILE = YES;
				INFOPLIST_KEY_NSLocationWhenInUseUsageDescription = "Please allow us to access your location to find your nearby favorite places";
				INFOPLIST_KEY_UIApplicationSceneManifest_Generation = YES;
				INFOPLIST_KEY_UIApplicationSupportsIndirectInputEvents = YES;
				INFOPLIST_KEY_UILaunchScreen_Generation = YES;
				INFOPLIST_KEY_UISupportedInterfaceOrientations_iPad = "UIInterfaceOrientationPortrait UIInterfaceOrientationPortraitUpsideDown UIInterfaceOrientationLandscapeLeft UIInterfaceOrientationLandscapeRight";
				INFOPLIST_KEY_UISupportedInterfaceOrientations_iPhone = "UIInterfaceOrientationPortrait UIInterfaceOrientationLandscapeLeft UIInterfaceOrientationLandscapeRight";
				LD_RUNPATH_SEARCH_PATHS = (
					"$(inherited)",
					"@executable_path/Frameworks",
				);
				MARKETING_VERSION = 1.0;
				PRODUCT_BUNDLE_IDENTIFIER = com.thomaspham.FavoritePlaces;
				PRODUCT_NAME = "$(TARGET_NAME)";
				SWIFT_EMIT_LOC_STRINGS = YES;
				SWIFT_VERSION = 5.0;
				TARGETED_DEVICE_FAMILY = "1,2";
			};
			name = Debug;
		};
		E5B07E2E29AF8D61009E7193 /* Release */ = {
			isa = XCBuildConfiguration;
			buildSettings = {
				ASSETCATALOG_COMPILER_APPICON_NAME = AppIcon;
				ASSETCATALOG_COMPILER_GLOBAL_ACCENT_COLOR_NAME = AccentColor;
				CODE_SIGN_STYLE = Automatic;
				CURRENT_PROJECT_VERSION = 1;
				DEVELOPMENT_ASSET_PATHS = "\"FavoritePlaces/Preview Content\"";
				DEVELOPMENT_TEAM = CD5BA2AYRN;
				ENABLE_PREVIEWS = YES;
				GENERATE_INFOPLIST_FILE = YES;
				INFOPLIST_KEY_NSLocationWhenInUseUsageDescription = "Please allow us to access your location to find your nearby favorite places";
				INFOPLIST_KEY_UIApplicationSceneManifest_Generation = YES;
				INFOPLIST_KEY_UIApplicationSupportsIndirectInputEvents = YES;
				INFOPLIST_KEY_UILaunchScreen_Generation = YES;
				INFOPLIST_KEY_UISupportedInterfaceOrientations_iPad = "UIInterfaceOrientationPortrait UIInterfaceOrientationPortraitUpsideDown UIInterfaceOrientationLandscapeLeft UIInterfaceOrientationLandscapeRight";
				INFOPLIST_KEY_UISupportedInterfaceOrientations_iPhone = "UIInterfaceOrientationPortrait UIInterfaceOrientationLandscapeLeft UIInterfaceOrientationLandscapeRight";
				LD_RUNPATH_SEARCH_PATHS = (
					"$(inherited)",
					"@executable_path/Frameworks",
				);
				MARKETING_VERSION = 1.0;
				PRODUCT_BUNDLE_IDENTIFIER = com.thomaspham.FavoritePlaces;
				PRODUCT_NAME = "$(TARGET_NAME)";
				SWIFT_EMIT_LOC_STRINGS = YES;
				SWIFT_VERSION = 5.0;
				TARGETED_DEVICE_FAMILY = "1,2";
			};
			name = Release;
		};
/* End XCBuildConfiguration section */

/* Begin XCConfigurationList section */
		E5B07E1429AF8D60009E7193 /* Build configuration list for PBXProject "FavoritePlaces" */ = {
			isa = XCConfigurationList;
			buildConfigurations = (
				E5B07E2A29AF8D61009E7193 /* Debug */,
				E5B07E2B29AF8D61009E7193 /* Release */,
			);
			defaultConfigurationIsVisible = 0;
			defaultConfigurationName = Release;
		};
		E5B07E2C29AF8D61009E7193 /* Build configuration list for PBXNativeTarget "FavoritePlaces" */ = {
			isa = XCConfigurationList;
			buildConfigurations = (
				E5B07E2D29AF8D61009E7193 /* Debug */,
				E5B07E2E29AF8D61009E7193 /* Release */,
			);
			defaultConfigurationIsVisible = 0;
			defaultConfigurationName = Release;
		};
/* End XCConfigurationList section */

/* Begin XCVersionGroup section */
		E5B07E2729AF8D61009E7193 /* FavoritePlaces.xcdatamodeld */ = {
			isa = XCVersionGroup;
			children = (
				E5B07E2829AF8D61009E7193 /* FavoritePlaces.xcdatamodel */,
			);
			currentVersion = E5B07E2829AF8D61009E7193 /* FavoritePlaces.xcdatamodel */;
			path = FavoritePlaces.xcdatamodeld;
			sourceTree = "<group>";
			versionGroupType = wrapper.xcdatamodel;
		};
/* End XCVersionGroup section */
	};
	rootObject = E5B07E1129AF8D60009E7193 /* Project object */;
}
